
Microsoft Visual Studio Solution File, Format Version 12.00
# Visual Studio Version 16
VisualStudioVersion = 16.0.30114.105
MinimumVisualStudioVersion = 10.0.40219.1
Project("{FAE04EC0-301F-11D3-BF4B-00C04F79EFBC}") = "R5T.Nikaia.Configuration.Suebia", "R5T.Nikaia.Configuration.Suebia\R5T.Nikaia.Configuration.Suebia.csproj", "{3B46E6AF-FDEB-4560-B140-8D98DE9830B3}"
EndProject
Project("{FAE04EC0-301F-11D3-BF4B-00C04F79EFBC}") = "R5T.Nikaia.Configuration.Suebia.Construction", "R5T.Nikaia.Configuration.Suebia.Construction\R5T.Nikaia.Configuration.Suebia.Construction.csproj", "{991A6652-79F8-4372-A535-99B9312802C8}"
EndProject
Project("{FAE04EC0-301F-11D3-BF4B-00C04F79EFBC}") = "R5T.Nikaia.Configuration.Suebia.Testing", "R5T.Nikaia.Configuration.Suebia.Testing\R5T.Nikaia.Configuration.Suebia.Testing.csproj", "{717F5081-50F6-4693-9D7A-176FDD76FBD1}"
EndProject
Project("{2150E333-8FDC-42A3-9474-1A3956D46DE8}") = "_Dependencies", "_Dependencies", "{9ABEF27F-D9F6-4794-91C7-A8D6D3ABCEEB}"
EndProject
Project("{FAE04EC0-301F-11D3-BF4B-00C04F79EFBC}") = "R5T.T0064", "..\..\R5T.T0064\source\R5T.T0064\R5T.T0064.csproj", "{BBEDCEBA-391C-4CAB-9B5C-ED0D7A54C192}"
EndProject
Global
	GlobalSection(SolutionConfigurationPlatforms) = preSolution
		Debug|Any CPU = Debug|Any CPU
		Debug|x64 = Debug|x64
		Debug|x86 = Debug|x86
		Release|Any CPU = Release|Any CPU
		Release|x64 = Release|x64
		Release|x86 = Release|x86
	EndGlobalSection
	GlobalSection(SolutionProperties) = preSolution
		HideSolutionNode = FALSE
	EndGlobalSection
	GlobalSection(ProjectConfigurationPlatforms) = postSolution
		{3B46E6AF-FDEB-4560-B140-8D98DE9830B3}.Debug|Any CPU.ActiveCfg = Debug|Any CPU
		{3B46E6AF-FDEB-4560-B140-8D98DE9830B3}.Debug|Any CPU.Build.0 = Debug|Any CPU
		{3B46E6AF-FDEB-4560-B140-8D98DE9830B3}.Debug|x64.ActiveCfg = Debug|Any CPU
		{3B46E6AF-FDEB-4560-B140-8D98DE9830B3}.Debug|x64.Build.0 = Debug|Any CPU
		{3B46E6AF-FDEB-4560-B140-8D98DE9830B3}.Debug|x86.ActiveCfg = Debug|Any CPU
		{3B46E6AF-FDEB-4560-B140-8D98DE9830B3}.Debug|x86.Build.0 = Debug|Any CPU
		{3B46E6AF-FDEB-4560-B140-8D98DE9830B3}.Release|Any CPU.ActiveCfg = Release|Any CPU
		{3B46E6AF-FDEB-4560-B140-8D98DE9830B3}.Release|Any CPU.Build.0 = Release|Any CPU
		{3B46E6AF-FDEB-4560-B140-8D98DE9830B3}.Release|x64.ActiveCfg = Release|Any CPU
		{3B46E6AF-FDEB-4560-B140-8D98DE9830B3}.Release|x64.Build.0 = Release|Any CPU
		{3B46E6AF-FDEB-4560-B140-8D98DE9830B3}.Release|x86.ActiveCfg = Release|Any CPU
		{3B46E6AF-FDEB-4560-B140-8D98DE9830B3}.Release|x86.Build.0 = Release|Any CPU
		{991A6652-79F8-4372-A535-99B9312802C8}.Debug|Any CPU.ActiveCfg = Debug|Any CPU
		{991A6652-79F8-4372-A535-99B9312802C8}.Debug|Any CPU.Build.0 = Debug|Any CPU
		{991A6652-79F8-4372-A535-99B9312802C8}.Debug|x64.ActiveCfg = Debug|Any CPU
		{991A6652-79F8-4372-A535-99B9312802C8}.Debug|x64.Build.0 = Debug|Any CPU
		{991A6652-79F8-4372-A535-99B9312802C8}.Debug|x86.ActiveCfg = Debug|Any CPU
		{991A6652-79F8-4372-A535-99B9312802C8}.Debug|x86.Build.0 = Debug|Any CPU
		{991A6652-79F8-4372-A535-99B9312802C8}.Release|Any CPU.ActiveCfg = Release|Any CPU
		{991A6652-79F8-4372-A535-99B9312802C8}.Release|Any CPU.Build.0 = Release|Any CPU
		{991A6652-79F8-4372-A535-99B9312802C8}.Release|x64.ActiveCfg = Release|Any CPU
		{991A6652-79F8-4372-A535-99B9312802C8}.Release|x64.Build.0 = Release|Any CPU
		{991A6652-79F8-4372-A535-99B9312802C8}.Release|x86.ActiveCfg = Release|Any CPU
		{991A6652-79F8-4372-A535-99B9312802C8}.Release|x86.Build.0 = Release|Any CPU
		{717F5081-50F6-4693-9D7A-176FDD76FBD1}.Debug|Any CPU.ActiveCfg = Debug|Any CPU
		{717F5081-50F6-4693-9D7A-176FDD76FBD1}.Debug|Any CPU.Build.0 = Debug|Any CPU
		{717F5081-50F6-4693-9D7A-176FDD76FBD1}.Debug|x64.ActiveCfg = Debug|Any CPU
		{717F5081-50F6-4693-9D7A-176FDD76FBD1}.Debug|x64.Build.0 = Debug|Any CPU
		{717F5081-50F6-4693-9D7A-176FDD76FBD1}.Debug|x86.ActiveCfg = Debug|Any CPU
		{717F5081-50F6-4693-9D7A-176FDD76FBD1}.Debug|x86.Build.0 = Debug|Any CPU
		{717F5081-50F6-4693-9D7A-176FDD76FBD1}.Release|Any CPU.ActiveCfg = Release|Any CPU
		{717F5081-50F6-4693-9D7A-176FDD76FBD1}.Release|Any CPU.Build.0 = Release|Any CPU
		{717F5081-50F6-4693-9D7A-176FDD76FBD1}.Release|x64.ActiveCfg = Release|Any CPU
		{717F5081-50F6-4693-9D7A-176FDD76FBD1}.Release|x64.Build.0 = Release|Any CPU
		{717F5081-50F6-4693-9D7A-176FDD76FBD1}.Release|x86.ActiveCfg = Release|Any CPU
		{717F5081-50F6-4693-9D7A-176FDD76FBD1}.Release|x86.Build.0 = Release|Any CPU
		{BBEDCEBA-391C-4CAB-9B5C-ED0D7A54C192}.Debug|Any CPU.ActiveCfg = Debug|Any CPU
		{BBEDCEBA-391C-4CAB-9B5C-ED0D7A54C192}.Debug|Any CPU.Build.0 = Debug|Any CPU
		{BBEDCEBA-391C-4CAB-9B5C-ED0D7A54C192}.Debug|x64.ActiveCfg = Debug|Any CPU
		{BBEDCEBA-391C-4CAB-9B5C-ED0D7A54C192}.Debug|x64.Build.0 = Debug|Any CPU
		{BBEDCEBA-391C-4CAB-9B5C-ED0D7A54C192}.Debug|x86.ActiveCfg = Debug|Any CPU
		{BBEDCEBA-391C-4CAB-9B5C-ED0D7A54C192}.Debug|x86.Build.0 = Debug|Any CPU
		{BBEDCEBA-391C-4CAB-9B5C-ED0D7A54C192}.Release|Any CPU.ActiveCfg = Release|Any CPU
		{BBEDCEBA-391C-4CAB-9B5C-ED0D7A54C192}.Release|Any CPU.Build.0 = Release|Any CPU
		{BBEDCEBA-391C-4CAB-9B5C-ED0D7A54C192}.Release|x64.ActiveCfg = Release|Any CPU
		{BBEDCEBA-391C-4CAB-9B5C-ED0D7A54C192}.Release|x64.Build.0 = Release|Any CPU
		{BBEDCEBA-391C-4CAB-9B5C-ED0D7A54C192}.Release|x86.ActiveCfg = Release|Any CPU
		{BBEDCEBA-391C-4CAB-9B5C-ED0D7A54C192}.Release|x86.Build.0 = Release|Any CPU
	EndGlobalSection
	GlobalSection(NestedProjects) = preSolution
		{BBEDCEBA-391C-4CAB-9B5C-ED0D7A54C192} = {9ABEF27F-D9F6-4794-91C7-A8D6D3ABCEEB}
	EndGlobalSection
EndGlobal
