
Microsoft Visual Studio Solution File, Format Version 12.00
# Visual Studio 15
VisualStudioVersion = 15.0.26124.0
MinimumVisualStudioVersion = 15.0.26124.0
Project("{9A19103F-16F7-4668-BE54-9A1E7A4F7556}") = "R5T.Nikaia.Configuration.Suebia.Construction", "R5T.Nikaia.Configuration.Suebia.Construction\R5T.Nikaia.Configuration.Suebia.Construction.csproj", "{3CCED3BF-5C7A-4B21-AC60-C7D07507561C}"
EndProject
Project("{9A19103F-16F7-4668-BE54-9A1E7A4F7556}") = "R5T.Nikaia.Configuration.Suebia", "R5T.Nikaia.Configuration.Suebia\R5T.Nikaia.Configuration.Suebia.csproj", "{7EB87CF3-C298-4F59-95F7-664951AF0722}"
EndProject
Project("{9A19103F-16F7-4668-BE54-9A1E7A4F7556}") = "R5T.Nikaia.Configuration.Suebia.Testing", "R5T.Nikaia.Configuration.Suebia.Testing\R5T.Nikaia.Configuration.Suebia.Testing.csproj", "{CF81C4CB-C4F6-4B66-A537-3195997D2056}"
EndProject
Project("{2150E333-8FDC-42A3-9474-1A3956D46DE8}") = "_Dependencies", "_Dependencies", "{99E225D2-F825-4DA4-846E-26C41D1F735C}"
EndProject
Project("{9A19103F-16F7-4668-BE54-9A1E7A4F7556}") = "R5T.Suebia.Base", "..\..\R5T.Suebia.Base\source\R5T.Suebia.Base\R5T.Suebia.Base.csproj", "{05F13B2E-5BB8-4151-930F-F6EF1E64EDB1}"
EndProject
Project("{9A19103F-16F7-4668-BE54-9A1E7A4F7556}") = "R5T.Nikaia.Configuration", "..\..\R5T.Nikaia.Configuration\source\R5T.Nikaia.Configuration\R5T.Nikaia.Configuration.csproj", "{509DE314-E36E-45C0-8639-5D8E87CE34EB}"
EndProject
Project("{9A19103F-16F7-4668-BE54-9A1E7A4F7556}") = "R5T.Chamavia", "..\..\R5T.Chamavia\source\R5T.Chamavia\R5T.Chamavia.csproj", "{8ADEAFA5-6EEC-42B0-873B-8D550536358D}"
EndProject
Project("{9A19103F-16F7-4668-BE54-9A1E7A4F7556}") = "R5T.Nikaia.Base", "..\..\R5T.Nikaia.Base\source\R5T.Nikaia.Base\R5T.Nikaia.Base.csproj", "{3401F896-682B-4438-84D5-45349BFF815F}"
EndProject
Project("{9A19103F-16F7-4668-BE54-9A1E7A4F7556}") = "R5T.Sardinia", "..\..\R5T.Sardinia\source\R5T.Sardinia\R5T.Sardinia.csproj", "{E6FE429B-A3CA-413C-9142-879C48BFE731}"
EndProject
Project("{9A19103F-16F7-4668-BE54-9A1E7A4F7556}") = "R5T.Dacia", "..\..\R5T.Dacia\source\R5T.Dacia\R5T.Dacia.csproj", "{3BAA3758-FB70-4467-8F6A-A1AEAA615272}"
EndProject
Global
	GlobalSection(SolutionConfigurationPlatforms) = preSolution
		Debug|Any CPU = Debug|Any CPU
		Debug|x64 = Debug|x64
		Debug|x86 = Debug|x86
		Release|Any CPU = Release|Any CPU
		Release|x64 = Release|x64
		Release|x86 = Release|x86
	EndGlobalSection
	GlobalSection(ProjectConfigurationPlatforms) = postSolution
		{3CCED3BF-5C7A-4B21-AC60-C7D07507561C}.Debug|Any CPU.ActiveCfg = Debug|Any CPU
		{3CCED3BF-5C7A-4B21-AC60-C7D07507561C}.Debug|Any CPU.Build.0 = Debug|Any CPU
		{3CCED3BF-5C7A-4B21-AC60-C7D07507561C}.Debug|x64.ActiveCfg = Debug|Any CPU
		{3CCED3BF-5C7A-4B21-AC60-C7D07507561C}.Debug|x64.Build.0 = Debug|Any CPU
		{3CCED3BF-5C7A-4B21-AC60-C7D07507561C}.Debug|x86.ActiveCfg = Debug|Any CPU
		{3CCED3BF-5C7A-4B21-AC60-C7D07507561C}.Debug|x86.Build.0 = Debug|Any CPU
		{3CCED3BF-5C7A-4B21-AC60-C7D07507561C}.Release|Any CPU.ActiveCfg = Release|Any CPU
		{3CCED3BF-5C7A-4B21-AC60-C7D07507561C}.Release|Any CPU.Build.0 = Release|Any CPU
		{3CCED3BF-5C7A-4B21-AC60-C7D07507561C}.Release|x64.ActiveCfg = Release|Any CPU
		{3CCED3BF-5C7A-4B21-AC60-C7D07507561C}.Release|x64.Build.0 = Release|Any CPU
		{3CCED3BF-5C7A-4B21-AC60-C7D07507561C}.Release|x86.ActiveCfg = Release|Any CPU
		{3CCED3BF-5C7A-4B21-AC60-C7D07507561C}.Release|x86.Build.0 = Release|Any CPU
		{7EB87CF3-C298-4F59-95F7-664951AF0722}.Debug|Any CPU.ActiveCfg = Debug|Any CPU
		{7EB87CF3-C298-4F59-95F7-664951AF0722}.Debug|Any CPU.Build.0 = Debug|Any CPU
		{7EB87CF3-C298-4F59-95F7-664951AF0722}.Debug|x64.ActiveCfg = Debug|Any CPU
		{7EB87CF3-C298-4F59-95F7-664951AF0722}.Debug|x64.Build.0 = Debug|Any CPU
		{7EB87CF3-C298-4F59-95F7-664951AF0722}.Debug|x86.ActiveCfg = Debug|Any CPU
		{7EB87CF3-C298-4F59-95F7-664951AF0722}.Debug|x86.Build.0 = Debug|Any CPU
		{7EB87CF3-C298-4F59-95F7-664951AF0722}.Release|Any CPU.ActiveCfg = Release|Any CPU
		{7EB87CF3-C298-4F59-95F7-664951AF0722}.Release|Any CPU.Build.0 = Release|Any CPU
		{7EB87CF3-C298-4F59-95F7-664951AF0722}.Release|x64.ActiveCfg = Release|Any CPU
		{7EB87CF3-C298-4F59-95F7-664951AF0722}.Release|x64.Build.0 = Release|Any CPU
		{7EB87CF3-C298-4F59-95F7-664951AF0722}.Release|x86.ActiveCfg = Release|Any CPU
		{7EB87CF3-C298-4F59-95F7-664951AF0722}.Release|x86.Build.0 = Release|Any CPU
		{CF81C4CB-C4F6-4B66-A537-3195997D2056}.Debug|Any CPU.ActiveCfg = Debug|Any CPU
		{CF81C4CB-C4F6-4B66-A537-3195997D2056}.Debug|Any CPU.Build.0 = Debug|Any CPU
		{CF81C4CB-C4F6-4B66-A537-3195997D2056}.Debug|x64.ActiveCfg = Debug|Any CPU
		{CF81C4CB-C4F6-4B66-A537-3195997D2056}.Debug|x64.Build.0 = Debug|Any CPU
		{CF81C4CB-C4F6-4B66-A537-3195997D2056}.Debug|x86.ActiveCfg = Debug|Any CPU
		{CF81C4CB-C4F6-4B66-A537-3195997D2056}.Debug|x86.Build.0 = Debug|Any CPU
		{CF81C4CB-C4F6-4B66-A537-3195997D2056}.Release|Any CPU.ActiveCfg = Release|Any CPU
		{CF81C4CB-C4F6-4B66-A537-3195997D2056}.Release|Any CPU.Build.0 = Release|Any CPU
		{CF81C4CB-C4F6-4B66-A537-3195997D2056}.Release|x64.ActiveCfg = Release|Any CPU
		{CF81C4CB-C4F6-4B66-A537-3195997D2056}.Release|x64.Build.0 = Release|Any CPU
		{CF81C4CB-C4F6-4B66-A537-3195997D2056}.Release|x86.ActiveCfg = Release|Any CPU
		{CF81C4CB-C4F6-4B66-A537-3195997D2056}.Release|x86.Build.0 = Release|Any CPU
		{05F13B2E-5BB8-4151-930F-F6EF1E64EDB1}.Debug|Any CPU.ActiveCfg = Debug|Any CPU
		{05F13B2E-5BB8-4151-930F-F6EF1E64EDB1}.Debug|Any CPU.Build.0 = Debug|Any CPU
		{05F13B2E-5BB8-4151-930F-F6EF1E64EDB1}.Debug|x64.ActiveCfg = Debug|Any CPU
		{05F13B2E-5BB8-4151-930F-F6EF1E64EDB1}.Debug|x64.Build.0 = Debug|Any CPU
		{05F13B2E-5BB8-4151-930F-F6EF1E64EDB1}.Debug|x86.ActiveCfg = Debug|Any CPU
		{05F13B2E-5BB8-4151-930F-F6EF1E64EDB1}.Debug|x86.Build.0 = Debug|Any CPU
		{05F13B2E-5BB8-4151-930F-F6EF1E64EDB1}.Release|Any CPU.ActiveCfg = Release|Any CPU
		{05F13B2E-5BB8-4151-930F-F6EF1E64EDB1}.Release|Any CPU.Build.0 = Release|Any CPU
		{05F13B2E-5BB8-4151-930F-F6EF1E64EDB1}.Release|x64.ActiveCfg = Release|Any CPU
		{05F13B2E-5BB8-4151-930F-F6EF1E64EDB1}.Release|x64.Build.0 = Release|Any CPU
		{05F13B2E-5BB8-4151-930F-F6EF1E64EDB1}.Release|x86.ActiveCfg = Release|Any CPU
		{05F13B2E-5BB8-4151-930F-F6EF1E64EDB1}.Release|x86.Build.0 = Release|Any CPU
		{509DE314-E36E-45C0-8639-5D8E87CE34EB}.Debug|Any CPU.ActiveCfg = Debug|Any CPU
		{509DE314-E36E-45C0-8639-5D8E87CE34EB}.Debug|Any CPU.Build.0 = Debug|Any CPU
		{509DE314-E36E-45C0-8639-5D8E87CE34EB}.Debug|x64.ActiveCfg = Debug|Any CPU
		{509DE314-E36E-45C0-8639-5D8E87CE34EB}.Debug|x64.Build.0 = Debug|Any CPU
		{509DE314-E36E-45C0-8639-5D8E87CE34EB}.Debug|x86.ActiveCfg = Debug|Any CPU
		{509DE314-E36E-45C0-8639-5D8E87CE34EB}.Debug|x86.Build.0 = Debug|Any CPU
		{509DE314-E36E-45C0-8639-5D8E87CE34EB}.Release|Any CPU.ActiveCfg = Release|Any CPU
		{509DE314-E36E-45C0-8639-5D8E87CE34EB}.Release|Any CPU.Build.0 = Release|Any CPU
		{509DE314-E36E-45C0-8639-5D8E87CE34EB}.Release|x64.ActiveCfg = Release|Any CPU
		{509DE314-E36E-45C0-8639-5D8E87CE34EB}.Release|x64.Build.0 = Release|Any CPU
		{509DE314-E36E-45C0-8639-5D8E87CE34EB}.Release|x86.ActiveCfg = Release|Any CPU
		{509DE314-E36E-45C0-8639-5D8E87CE34EB}.Release|x86.Build.0 = Release|Any CPU
		{8ADEAFA5-6EEC-42B0-873B-8D550536358D}.Debug|Any CPU.ActiveCfg = Debug|Any CPU
		{8ADEAFA5-6EEC-42B0-873B-8D550536358D}.Debug|Any CPU.Build.0 = Debug|Any CPU
		{8ADEAFA5-6EEC-42B0-873B-8D550536358D}.Debug|x64.ActiveCfg = Debug|Any CPU
		{8ADEAFA5-6EEC-42B0-873B-8D550536358D}.Debug|x64.Build.0 = Debug|Any CPU
		{8ADEAFA5-6EEC-42B0-873B-8D550536358D}.Debug|x86.ActiveCfg = Debug|Any CPU
		{8ADEAFA5-6EEC-42B0-873B-8D550536358D}.Debug|x86.Build.0 = Debug|Any CPU
		{8ADEAFA5-6EEC-42B0-873B-8D550536358D}.Release|Any CPU.ActiveCfg = Release|Any CPU
		{8ADEAFA5-6EEC-42B0-873B-8D550536358D}.Release|Any CPU.Build.0 = Release|Any CPU
		{8ADEAFA5-6EEC-42B0-873B-8D550536358D}.Release|x64.ActiveCfg = Release|Any CPU
		{8ADEAFA5-6EEC-42B0-873B-8D550536358D}.Release|x64.Build.0 = Release|Any CPU
		{8ADEAFA5-6EEC-42B0-873B-8D550536358D}.Release|x86.ActiveCfg = Release|Any CPU
		{8ADEAFA5-6EEC-42B0-873B-8D550536358D}.Release|x86.Build.0 = Release|Any CPU
		{3401F896-682B-4438-84D5-45349BFF815F}.Debug|Any CPU.ActiveCfg = Debug|Any CPU
		{3401F896-682B-4438-84D5-45349BFF815F}.Debug|Any CPU.Build.0 = Debug|Any CPU
		{3401F896-682B-4438-84D5-45349BFF815F}.Debug|x64.ActiveCfg = Debug|Any CPU
		{3401F896-682B-4438-84D5-45349BFF815F}.Debug|x64.Build.0 = Debug|Any CPU
		{3401F896-682B-4438-84D5-45349BFF815F}.Debug|x86.ActiveCfg = Debug|Any CPU
		{3401F896-682B-4438-84D5-45349BFF815F}.Debug|x86.Build.0 = Debug|Any CPU
		{3401F896-682B-4438-84D5-45349BFF815F}.Release|Any CPU.ActiveCfg = Release|Any CPU
		{3401F896-682B-4438-84D5-45349BFF815F}.Release|Any CPU.Build.0 = Release|Any CPU
		{3401F896-682B-4438-84D5-45349BFF815F}.Release|x64.ActiveCfg = Release|Any CPU
		{3401F896-682B-4438-84D5-45349BFF815F}.Release|x64.Build.0 = Release|Any CPU
		{3401F896-682B-4438-84D5-45349BFF815F}.Release|x86.ActiveCfg = Release|Any CPU
		{3401F896-682B-4438-84D5-45349BFF815F}.Release|x86.Build.0 = Release|Any CPU
		{E6FE429B-A3CA-413C-9142-879C48BFE731}.Debug|Any CPU.ActiveCfg = Debug|Any CPU
		{E6FE429B-A3CA-413C-9142-879C48BFE731}.Debug|Any CPU.Build.0 = Debug|Any CPU
		{E6FE429B-A3CA-413C-9142-879C48BFE731}.Debug|x64.ActiveCfg = Debug|Any CPU
		{E6FE429B-A3CA-413C-9142-879C48BFE731}.Debug|x64.Build.0 = Debug|Any CPU
		{E6FE429B-A3CA-413C-9142-879C48BFE731}.Debug|x86.ActiveCfg = Debug|Any CPU
		{E6FE429B-A3CA-413C-9142-879C48BFE731}.Debug|x86.Build.0 = Debug|Any CPU
		{E6FE429B-A3CA-413C-9142-879C48BFE731}.Release|Any CPU.ActiveCfg = Release|Any CPU
		{E6FE429B-A3CA-413C-9142-879C48BFE731}.Release|Any CPU.Build.0 = Release|Any CPU
		{E6FE429B-A3CA-413C-9142-879C48BFE731}.Release|x64.ActiveCfg = Release|Any CPU
		{E6FE429B-A3CA-413C-9142-879C48BFE731}.Release|x64.Build.0 = Release|Any CPU
		{E6FE429B-A3CA-413C-9142-879C48BFE731}.Release|x86.ActiveCfg = Release|Any CPU
		{E6FE429B-A3CA-413C-9142-879C48BFE731}.Release|x86.Build.0 = Release|Any CPU
		{3BAA3758-FB70-4467-8F6A-A1AEAA615272}.Debug|Any CPU.ActiveCfg = Debug|Any CPU
		{3BAA3758-FB70-4467-8F6A-A1AEAA615272}.Debug|Any CPU.Build.0 = Debug|Any CPU
		{3BAA3758-FB70-4467-8F6A-A1AEAA615272}.Debug|x64.ActiveCfg = Debug|Any CPU
		{3BAA3758-FB70-4467-8F6A-A1AEAA615272}.Debug|x64.Build.0 = Debug|Any CPU
		{3BAA3758-FB70-4467-8F6A-A1AEAA615272}.Debug|x86.ActiveCfg = Debug|Any CPU
		{3BAA3758-FB70-4467-8F6A-A1AEAA615272}.Debug|x86.Build.0 = Debug|Any CPU
		{3BAA3758-FB70-4467-8F6A-A1AEAA615272}.Release|Any CPU.ActiveCfg = Release|Any CPU
		{3BAA3758-FB70-4467-8F6A-A1AEAA615272}.Release|Any CPU.Build.0 = Release|Any CPU
		{3BAA3758-FB70-4467-8F6A-A1AEAA615272}.Release|x64.ActiveCfg = Release|Any CPU
		{3BAA3758-FB70-4467-8F6A-A1AEAA615272}.Release|x64.Build.0 = Release|Any CPU
		{3BAA3758-FB70-4467-8F6A-A1AEAA615272}.Release|x86.ActiveCfg = Release|Any CPU
		{3BAA3758-FB70-4467-8F6A-A1AEAA615272}.Release|x86.Build.0 = Release|Any CPU
	EndGlobalSection
	GlobalSection(SolutionProperties) = preSolution
		HideSolutionNode = FALSE
	EndGlobalSection
	GlobalSection(NestedProjects) = preSolution
		{05F13B2E-5BB8-4151-930F-F6EF1E64EDB1} = {99E225D2-F825-4DA4-846E-26C41D1F735C}
		{509DE314-E36E-45C0-8639-5D8E87CE34EB} = {99E225D2-F825-4DA4-846E-26C41D1F735C}
		{8ADEAFA5-6EEC-42B0-873B-8D550536358D} = {99E225D2-F825-4DA4-846E-26C41D1F735C}
		{3401F896-682B-4438-84D5-45349BFF815F} = {99E225D2-F825-4DA4-846E-26C41D1F735C}
		{E6FE429B-A3CA-413C-9142-879C48BFE731} = {99E225D2-F825-4DA4-846E-26C41D1F735C}
		{3BAA3758-FB70-4467-8F6A-A1AEAA615272} = {99E225D2-F825-4DA4-846E-26C41D1F735C}
	EndGlobalSection
	GlobalSection(ExtensibilityGlobals) = postSolution
		SolutionGuid = {74039187-8B04-42E3-9A62-F540BA4AD7FF}
	EndGlobalSection
EndGlobal
